SonatajQueryBundle 785870afce016cc387fadb361ad52c3d4a2e7fe6
SonataAdminBundle dffc76975e4d6aa5a5acf5cc33e5a3daac1cbc38
SonataDoctrineORMAdminBundle c3c3df63e6947b83e6f8e450fb9aa5cafddf5405
SonataBlockBundle 0d18510ac346343ee5a19c50b012da91bd812eef
SonataCacheBundle 341ab9ac0315b38d8c600230c39d39c72aba26df
KnpMenu v1.0.0
KnpMenuBundle v1.0.0