SonatajQueryBundle 785870afce016cc387fadb361ad52c3d4a2e7fe6
SonataAdminBundle 4c54775a9065fd4d9e1629a9b14789caa214b958
SonataDoctrineORMAdminBundle c3c3df63e6947b83e6f8e450fb9aa5cafddf5405
SonataBlockBundle c85e73cc439d98ac6415681477dfee5be40be541
SonataCacheBundle 341ab9ac0315b38d8c600230c39d39c72aba26df
KnpMenu v1.0.0
KnpMenuBundle v1.0.0